// !$*UTF8*$!
{
	archiveVersion = 1;
	classes = {
	};
	objectVersion = 50;
	objects = {

/* Begin PBXBuildFile section */
		98315E2E237B274F00D2D575 /* AppDelegate.swift in Sources */ = {isa = PBXBuildFile; fileRef = 98315E2D237B274F00D2D575 /* AppDelegate.swift */; };
		98315E30237B274F00D2D575 /* ViewController.swift in Sources */ = {isa = PBXBuildFile; fileRef = 98315E2F237B274F00D2D575 /* ViewController.swift */; };
		98315E33237B274F00D2D575 /* Main.storyboard in Resources */ = {isa = PBXBuildFile; fileRef = 98315E31237B274F00D2D575 /* Main.storyboard */; };
		98315E35237B275100D2D575 /* Assets.xcassets in Resources */ = {isa = PBXBuildFile; fileRef = 98315E34237B275100D2D575 /* Assets.xcassets */; };
		98315E38237B275100D2D575 /* LaunchScreen.storyboard in Resources */ = {isa = PBXBuildFile; fileRef = 98315E36237B275100D2D575 /* LaunchScreen.storyboard */; };
		98315E43237B275200D2D575 /* PickADriverTests.swift in Sources */ = {isa = PBXBuildFile; fileRef = 98315E42237B275200D2D575 /* PickADriverTests.swift */; };
		98315E4E237B275200D2D575 /* PickADriverUITests.swift in Sources */ = {isa = PBXBuildFile; fileRef = 98315E4D237B275200D2D575 /* PickADriverUITests.swift */; };
/* End PBXBuildFile section */

/* Begin PBXContainerItemProxy section */
		98315E3F237B275200D2D575 /* PBXContainerItemProxy */ = {
			isa = PBXContainerItemProxy;
			containerPortal = 98315E22237B274F00D2D575 /* Project object */;
			proxyType = 1;
			remoteGlobalIDString = 98315E29237B274F00D2D575;
			remoteInfo = PickADriver;
		};
		98315E4A237B275200D2D575 /* PBXContainerItemProxy */ = {
			isa = PBXContainerItemProxy;
			containerPortal = 98315E22237B274F00D2D575 /* Project object */;
			proxyType = 1;
			remoteGlobalIDString = 98315E29237B274F00D2D575;
			remoteInfo = PickADriver;
		};
/* End PBXContainerItemProxy section */

/* Begin PBXFileReference section */
		98315E2A237B274F00D2D575 /* PickADriver.app */ = {isa = PBXFileReference; explicitFileType = wrapper.application; includeInIndex = 0; path = PickADriver.app; sourceTree = BUILT_PRODUCTS_DIR; };
		98315E2D237B274F00D2D575 /* AppDelegate.swift */ = {isa = PBXFileReference; lastKnownFileType = sourcecode.swift; path = AppDelegate.swift; sourceTree = "<group>"; };
		98315E2F237B274F00D2D575 /* ViewController.swift */ = {isa = PBXFileReference; lastKnownFileType = sourcecode.swift; path = ViewController.swift; sourceTree = "<group>"; };
		98315E32237B274F00D2D575 /* Base */ = {isa = PBXFileReference; lastKnownFileType = file.storyboard; name = Base; path = Base.lproj/Main.storyboard; sourceTree = "<group>"; };
		98315E34237B275100D2D575 /* Assets.xcassets */ = {isa = PBXFileReference; lastKnownFileType = folder.assetcatalog; path = Assets.xcassets; sourceTree = "<group>"; };
		98315E37237B275100D2D575 /* Base */ = {isa = PBXFileReference; lastKnownFileType = file.storyboard; name = Base; path = Base.lproj/LaunchScreen.storyboard; sourceTree = "<group>"; };
		98315E39237B275100D2D575 /* Info.plist */ = {isa = PBXFileReference; lastKnownFileType = text.plist.xml; path = Info.plist; sourceTree = "<group>"; };
		98315E3E237B275200D2D575 /* PickADriverTests.xctest */ = {isa = PBXFileReference; explicitFileType = wrapper.cfbundle; includeInIndex = 0; path = PickADriverTests.xctest; sourceTree = BUILT_PRODUCTS_DIR; };
		98315E42237B275200D2D575 /* PickADriverTests.swift */ = {isa = PBXFileReference; lastKnownFileType = sourcecode.swift; path = PickADriverTests.swift; sourceTree = "<group>"; };
		98315E44237B275200D2D575 /* Info.plist */ = {isa = PBXFileReference; lastKnownFileType = text.plist.xml; path = Info.plist; sourceTree = "<group>"; };
		98315E49237B275200D2D575 /* PickADriverUITests.xctest */ = {isa = PBXFileReference; explicitFileType = wrapper.cfbundle; includeInIndex = 0; path = PickADriverUITests.xctest; sourceTree = BUILT_PRODUCTS_DIR; };
		98315E4D237B275200D2D575 /* PickADriverUITests.swift */ = {isa = PBXFileReference; lastKnownFileType = sourcecode.swift; path = PickADriverUITests.swift; sourceTree = "<group>"; };
		98315E4F237B275200D2D575 /* Info.plist */ = {isa = PBXFileReference; lastKnownFileType = text.plist.xml; path = Info.plist; sourceTree = "<group>"; };
/* End PBXFileReference section */

/* Begin PBXFrameworksBuildPhase section */
		98315E27237B274F00D2D575 /* Frameworks */ = {
			isa = PBXFrameworksBuildPhase;
			buildActionMask = 2147483647;
			files = (
			);
			runOnlyForDeploymentPostprocessing = 0;
		};
		98315E3B237B275200D2D575 /* Frameworks */ = {
			isa = PBXFrameworksBuildPhase;
			buildActionMask = 2147483647;
			files = (
			);
			runOnlyForDeploymentPostprocessing = 0;
		};
		98315E46237B275200D2D575 /* Frameworks */ = {
			isa = PBXFrameworksBuildPhase;
			buildActionMask = 2147483647;
			files = (
			);
			runOnlyForDeploymentPostprocessing = 0;
		};
/* End PBXFrameworksBuildPhase section */

/* Begin PBXGroup section */
		98315E21237B274F00D2D575 = {
			isa = PBXGroup;
			children = (
				98315E2C237B274F00D2D575 /* PickADriver */,
				98315E41237B275200D2D575 /* PickADriverTests */,
				98315E4C237B275200D2D575 /* PickADriverUITests */,
				98315E2B237B274F00D2D575 /* Products */,
			);
			sourceTree = "<group>";
		};
		98315E2B237B274F00D2D575 /* Products */ = {
			isa = PBXGroup;
			children = (
				98315E2A237B274F00D2D575 /* PickADriver.app */,
				98315E3E237B275200D2D575 /* PickADriverTests.xctest */,
				98315E49237B275200D2D575 /* PickADriverUITests.xctest */,
			);
			name = Products;
			sourceTree = "<group>";
		};
		98315E2C237B274F00D2D575 /* PickADriver */ = {
			isa = PBXGroup;
			children = (
				98315E2D237B274F00D2D575 /* AppDelegate.swift */,
				98315E2F237B274F00D2D575 /* ViewController.swift */,
				98315E31237B274F00D2D575 /* Main.storyboard */,
				98315E34237B275100D2D575 /* Assets.xcassets */,
				98315E36237B275100D2D575 /* LaunchScreen.storyboard */,
				98315E39237B275100D2D575 /* Info.plist */,
			);
			path = PickADriver;
			sourceTree = "<group>";
		};
		98315E41237B275200D2D575 /* PickADriverTests */ = {
			isa = PBXGroup;
			children = (
				98315E42237B275200D2D575 /* PickADriverTests.swift */,
				98315E44237B275200D2D575 /* Info.plist */,
			);
			path = PickADriverTests;
			sourceTree = "<group>";
		};
		98315E4C237B275200D2D575 /* PickADriverUITests */ = {
			isa = PBXGroup;
			children = (
				98315E4D237B275200D2D575 /* PickADriverUITests.swift */,
				98315E4F237B275200D2D575 /* Info.plist */,
			);
			path = PickADriverUITests;
			sourceTree = "<group>";
		};
/* End PBXGroup section */

/* Begin PBXNativeTarget section */
		98315E29237B274F00D2D575 /* PickADriver */ = {
			isa = PBXNativeTarget;
			buildConfigurationList = 98315E52237B275200D2D575 /* Build configuration list for PBXNativeTarget "PickADriver" */;
			buildPhases = (
				98315E26237B274F00D2D575 /* Sources */,
				98315E27237B274F00D2D575 /* Frameworks */,
				98315E28237B274F00D2D575 /* Resources */,
			);
			buildRules = (
			);
			dependencies = (
			);
			name = PickADriver;
			productName = PickADriver;
			productReference = 98315E2A237B274F00D2D575 /* PickADriver.app */;
			productType = "com.apple.product-type.application";
		};
		98315E3D237B275200D2D575 /* PickADriverTests */ = {
			isa = PBXNativeTarget;
			buildConfigurationList = 98315E55237B275200D2D575 /* Build configuration list for PBXNativeTarget "PickADriverTests" */;
			buildPhases = (
				98315E3A237B275200D2D575 /* Sources */,
				98315E3B237B275200D2D575 /* Frameworks */,
				98315E3C237B275200D2D575 /* Resources */,
			);
			buildRules = (
			);
			dependencies = (
				98315E40237B275200D2D575 /* PBXTargetDependency */,
			);
			name = PickADriverTests;
			productName = PickADriverTests;
			productReference = 98315E3E237B275200D2D575 /* PickADriverTests.xctest */;
			productType = "com.apple.product-type.bundle.unit-test";
		};
		98315E48237B275200D2D575 /* PickADriverUITests */ = {
			isa = PBXNativeTarget;
			buildConfigurationList = 98315E58237B275200D2D575 /* Build configuration list for PBXNativeTarget "PickADriverUITests" */;
			buildPhases = (
				98315E45237B275200D2D575 /* Sources */,
				98315E46237B275200D2D575 /* Frameworks */,
				98315E47237B275200D2D575 /* Resources */,
			);
			buildRules = (
			);
			dependencies = (
				98315E4B237B275200D2D575 /* PBXTargetDependency */,
			);
			name = PickADriverUITests;
			productName = PickADriverUITests;
			productReference = 98315E49237B275200D2D575 /* PickADriverUITests.xctest */;
			productType = "com.apple.product-type.bundle.ui-testing";
		};
/* End PBXNativeTarget section */

/* Begin PBXProject section */
		98315E22237B274F00D2D575 /* Project object */ = {
			isa = PBXProject;
			attributes = {
				LastSwiftUpdateCheck = 1020;
				LastUpgradeCheck = 1020;
				ORGANIZATIONNAME = "Kelvin Vazquez";
				TargetAttributes = {
					98315E29237B274F00D2D575 = {
						CreatedOnToolsVersion = 10.2.1;
					};
					98315E3D237B275200D2D575 = {
						CreatedOnToolsVersion = 10.2.1;
						TestTargetID = 98315E29237B274F00D2D575;
					};
					98315E48237B275200D2D575 = {
						CreatedOnToolsVersion = 10.2.1;
						TestTargetID = 98315E29237B274F00D2D575;
					};
				};
			};
			buildConfigurationList = 98315E25237B274F00D2D575 /* Build configuration list for PBXProject "PickADriver" */;
			compatibilityVersion = "Xcode 9.3";
			developmentRegion = en;
			hasScannedForEncodings = 0;
			knownRegions = (
				en,
				Base,
			);
			mainGroup = 98315E21237B274F00D2D575;
			productRefGroup = 98315E2B237B274F00D2D575 /* Products */;
			projectDirPath = "";
			projectRoot = "";
			targets = (
				98315E29237B274F00D2D575 /* PickADriver */,
				98315E3D237B275200D2D575 /* PickADriverTests */,
				98315E48237B275200D2D575 /* PickADriverUITests */,
			);
		};
/* End PBXProject section */

/* Begin PBXResourcesBuildPhase section */
		98315E28237B274F00D2D575 /* Resources */ = {
			isa = PBXResourcesBuildPhase;
			buildActionMask = 2147483647;
			files = (
				98315E38237B275100D2D575 /* LaunchScreen.storyboard in Resources */,
				98315E35237B275100D2D575 /* Assets.xcassets in Resources */,
				98315E33237B274F00D2D575 /* Main.storyboard in Resources */,
			);
			runOnlyForDeploymentPostprocessing = 0;
		};
		98315E3C237B275200D2D575 /* Resources */ = {
			isa = PBXResourcesBuildPhase;
			buildActionMask = 2147483647;
			files = (
			);
			runOnlyForDeploymentPostprocessing = 0;
		};
		98315E47237B275200D2D575 /* Resources */ = {
			isa = PBXResourcesBuildPhase;
			buildActionMask = 2147483647;
			files = (
			);
			runOnlyForDeploymentPostprocessing = 0;
		};
/* End PBXResourcesBuildPhase section */

/* Begin PBXSourcesBuildPhase section */
		98315E26237B274F00D2D575 /* Sources */ = {
			isa = PBXSourcesBuildPhase;
			buildActionMask = 2147483647;
			files = (
				98315E30237B274F00D2D575 /* ViewController.swift in Sources */,
				98315E2E237B274F00D2D575 /* AppDelegate.swift in Sources */,
			);
			runOnlyForDeploymentPostprocessing = 0;
		};
		98315E3A237B275200D2D575 /* Sources */ = {
			isa = PBXSourcesBuildPhase;
			buildActionMask = 2147483647;
			files = (
				98315E43237B275200D2D575 /* PickADriverTests.swift in Sources */,
			);
			runOnlyForDeploymentPostprocessing = 0;
		};
		98315E45237B275200D2D575 /* Sources */ = {
			isa = PBXSourcesBuildPhase;
			buildActionMask = 2147483647;
			files = (
				98315E4E237B275200D2D575 /* PickADriverUITests.swift in Sources */,
			);
			runOnlyForDeploymentPostprocessing = 0;
		};
/* End PBXSourcesBuildPhase section */

/* Begin PBXTargetDependency section */
		98315E40237B275200D2D575 /* PBXTargetDependency */ = {
			isa = PBXTargetDependency;
			target = 98315E29237B274F00D2D575 /* PickADriver */;
			targetProxy = 98315E3F237B275200D2D575 /* PBXContainerItemProxy */;
		};
		98315E4B237B275200D2D575 /* PBXTargetDependency */ = {
			isa = PBXTargetDependency;
			target = 98315E29237B274F00D2D575 /* PickADriver */;
			targetProxy = 98315E4A237B275200D2D575 /* PBXContainerItemProxy */;
		};
/* End PBXTargetDependency section */

/* Begin PBXVariantGroup section */
		98315E31237B274F00D2D575 /* Main.storyboard */ = {
			isa = PBXVariantGroup;
			children = (
				98315E32237B274F00D2D575 /* Base */,
			);
			name = Main.storyboard;
			sourceTree = "<group>";
		};
		98315E36237B275100D2D575 /* LaunchScreen.storyboard */ = {
			isa = PBXVariantGroup;
			children = (
				98315E37237B275100D2D575 /* Base */,
			);
			name = LaunchScreen.storyboard;
			sourceTree = "<group>";
		};
/* End PBXVariantGroup section */

/* Begin XCBuildConfiguration section */
		98315E50237B275200D2D575 /* Debug */ = {
			isa = XCBuildConfiguration;
			buildSettings = {
				ALWAYS_SEARCH_USER_PATHS = NO;
				CLANG_ANALYZER_NONNULL = YES;
				CLANG_ANALYZER_NUMBER_OBJECT_CONVERSION = YES_AGGRESSIVE;
				CLANG_CXX_LANGUAGE_STANDARD = "gnu++14";
				CLANG_CXX_LIBRARY = "libc++";
				CLANG_ENABLE_MODULES = YES;
				CLANG_ENABLE_OBJC_ARC = YES;
				CLANG_ENABLE_OBJC_WEAK = YES;
				CLANG_WARN_BLOCK_CAPTURE_AUTORELEASING = YES;
				CLANG_WARN_BOOL_CONVERSION = YES;
				CLANG_WARN_COMMA = YES;
				CLANG_WARN_CONSTANT_CONVERSION = YES;
				CLANG_WARN_DEPRECATED_OBJC_IMPLEMENTATIONS = YES;
				CLANG_WARN_DIRECT_OBJC_ISA_USAGE = YES_ERROR;
				CLANG_WARN_DOCUMENTATION_COMMENTS = YES;
				CLANG_WARN_EMPTY_BODY = YES;
				CLANG_WARN_ENUM_CONVERSION = YES;
				CLANG_WARN_INFINITE_RECURSION = YES;
				CLANG_WARN_INT_CONVERSION = YES;
				CLANG_WARN_NON_LITERAL_NULL_CONVERSION = YES;
				CLANG_WARN_OBJC_IMPLICIT_RETAIN_SELF = YES;
				CLANG_WARN_OBJC_LITERAL_CONVERSION = YES;
				CLANG_WARN_OBJC_ROOT_CLASS = YES_ERROR;
				CLANG_WARN_RANGE_LOOP_ANALYSIS = YES;
				CLANG_WARN_STRICT_PROTOTYPES = YES;
				CLANG_WARN_SUSPICIOUS_MOVE = YES;
				CLANG_WARN_UNGUARDED_AVAILABILITY = YES_AGGRESSIVE;
				CLANG_WARN_UNREACHABLE_CODE = YES;
				CLANG_WARN__DUPLICATE_METHOD_MATCH = YES;
				CODE_SIGN_IDENTITY = "iPhone Developer";
				COPY_PHASE_STRIP = NO;
				DEBUG_INFORMATION_FORMAT = dwarf;
				ENABLE_STRICT_OBJC_MSGSEND = YES;
				ENABLE_TESTABILITY = YES;
				GCC_C_LANGUAGE_STANDARD = gnu11;
				GCC_DYNAMIC_NO_PIC = NO;
				GCC_NO_COMMON_BLOCKS = YES;
				GCC_OPTIMIZATION_LEVEL = 0;
				GCC_PREPROCESSOR_DEFINITIONS = (
					"DEBUG=1",
					"$(inherited)",
				);
				GCC_WARN_64_TO_32_BIT_CONVERSION = YES;
				GCC_WARN_ABOUT_RETURN_TYPE = YES_ERROR;
				GCC_WARN_UNDECLARED_SELECTOR = YES;
				GCC_WARN_UNINITIALIZED_AUTOS = YES_AGGRESSIVE;
				GCC_WARN_UNUSED_FUNCTION = YES;
				GCC_WARN_UNUSED_VARIABLE = YES;
				IPHONEOS_DEPLOYMENT_TARGET = 12.2;
				MTL_ENABLE_DEBUG_INFO = INCLUDE_SOURCE;
				MTL_FAST_MATH = YES;
				ONLY_ACTIVE_ARCH = YES;
				SDKROOT = iphoneos;
				SWIFT_ACTIVE_COMPILATION_CONDITIONS = DEBUG;
				SWIFT_OPTIMIZATION_LEVEL = "-Onone";
			};
			name = Debug;
		};
		98315E51237B275200D2D575 /* Release */ = {
			isa = XCBuildConfiguration;
			buildSettings = {
				ALWAYS_SEARCH_USER_PATHS = NO;
				CLANG_ANALYZER_NONNULL = YES;
				CLANG_ANALYZER_NUMBER_OBJECT_CONVERSION = YES_AGGRESSIVE;
				CLANG_CXX_LANGUAGE_STANDARD = "gnu++14";
				CLANG_CXX_LIBRARY = "libc++";
				CLANG_ENABLE_MODULES = YES;
				CLANG_ENABLE_OBJC_ARC = YES;
				CLANG_ENABLE_OBJC_WEAK = YES;
				CLANG_WARN_BLOCK_CAPTURE_AUTORELEASING = YES;
				CLANG_WARN_BOOL_CONVERSION = YES;
				CLANG_WARN_COMMA = YES;
				CLANG_WARN_CONSTANT_CONVERSION = YES;
				CLANG_WARN_DEPRECATED_OBJC_IMPLEMENTATIONS = YES;
				CLANG_WARN_DIRECT_OBJC_ISA_USAGE = YES_ERROR;
				CLANG_WARN_DOCUMENTATION_COMMENTS = YES;
				CLANG_WARN_EMPTY_BODY = YES;
				CLANG_WARN_ENUM_CONVERSION = YES;
				CLANG_WARN_INFINITE_RECURSION = YES;
				CLANG_WARN_INT_CONVERSION = YES;
				CLANG_WARN_NON_LITERAL_NULL_CONVERSION = YES;
				CLANG_WARN_OBJC_IMPLICIT_RETAIN_SELF = YES;
				CLANG_WARN_OBJC_LITERAL_CONVERSION = YES;
				CLANG_WARN_OBJC_ROOT_CLASS = YES_ERROR;
				CLANG_WARN_RANGE_LOOP_ANALYSIS = YES;
				CLANG_WARN_STRICT_PROTOTYPES = YES;
				CLANG_WARN_SUSPICIOUS_MOVE = YES;
				CLANG_WARN_UNGUARDED_AVAILABILITY = YES_AGGRESSIVE;
				CLANG_WARN_UNREACHABLE_CODE = YES;
				CLANG_WARN__DUPLICATE_METHOD_MATCH = YES;
				CODE_SIGN_IDENTITY = "iPhone Developer";
				COPY_PHASE_STRIP = NO;
				DEBUG_INFORMATION_FORMAT = "dwarf-with-dsym";
				ENABLE_NS_ASSERTIONS = NO;
				ENABLE_STRICT_OBJC_MSGSEND = YES;
				GCC_C_LANGUAGE_STANDARD = gnu11;
				GCC_NO_COMMON_BLOCKS = YES;
				GCC_WARN_64_TO_32_BIT_CONVERSION = YES;
				GCC_WARN_ABOUT_RETURN_TYPE = YES_ERROR;
				GCC_WARN_UNDECLARED_SELECTOR = YES;
				GCC_WARN_UNINITIALIZED_AUTOS = YES_AGGRESSIVE;
				GCC_WARN_UNUSED_FUNCTION = YES;
				GCC_WARN_UNUSED_VARIABLE = YES;
				IPHONEOS_DEPLOYMENT_TARGET = 12.2;
				MTL_ENABLE_DEBUG_INFO = NO;
				MTL_FAST_MATH = YES;
				SDKROOT = iphoneos;
				SWIFT_COMPILATION_MODE = wholemodule;
				SWIFT_OPTIMIZATION_LEVEL = "-O";
				VALIDATE_PRODUCT = YES;
			};
			name = Release;
		};
		98315E53237B275200D2D575 /* Debug */ = {
			isa = XCBuildConfiguration;
			buildSettings = {
				ASSETCATALOG_COMPILER_APPICON_NAME = AppIcon;
				CODE_SIGN_STYLE = Automatic;
				INFOPLIST_FILE = PickADriver/Info.plist;
				LD_RUNPATH_SEARCH_PATHS = (
					"$(inherited)",
					"@executable_path/Frameworks",
				);
				PRODUCT_BUNDLE_IDENTIFIER = Kelvin.PickADriver;
				PRODUCT_NAME = "$(TARGET_NAME)";
				SWIFT_VERSION = 5.0;
				TARGETED_DEVICE_FAMILY = "1,2";
			};
			name = Debug;
		};
		98315E54237B275200D2D575 /* Release */ = {
			isa = XCBuildConfiguration;
			buildSettings = {
				ASSETCATALOG_COMPILER_APPICON_NAME = AppIcon;
				CODE_SIGN_STYLE = Automatic;
				INFOPLIST_FILE = PickADriver/Info.plist;
				LD_RUNPATH_SEARCH_PATHS = (
					"$(inherited)",
					"@executable_path/Frameworks",
				);
				PRODUCT_BUNDLE_IDENTIFIER = Kelvin.PickADriver;
				PRODUCT_NAME = "$(TARGET_NAME)";
				SWIFT_VERSION = 5.0;
				TARGETED_DEVICE_FAMILY = "1,2";
			};
			name = Release;
		};
		98315E56237B275200D2D575 /* Debug */ = {
			isa = XCBuildConfiguration;
			buildSettings = {
				ALWAYS_EMBED_SWIFT_STANDARD_LIBRARIES = YES;
				BUNDLE_LOADER = "$(TEST_HOST)";
				CODE_SIGN_STYLE = Automatic;
				INFOPLIST_FILE = PickADriverTests/Info.plist;
				LD_RUNPATH_SEARCH_PATHS = (
					"$(inherited)",
					"@executable_path/Frameworks",
					"@loader_path/Frameworks",
				);
				PRODUCT_BUNDLE_IDENTIFIER = Kelvin.PickADriverTests;
				PRODUCT_NAME = "$(TARGET_NAME)";
				SWIFT_VERSION = 5.0;
				TARGETED_DEVICE_FAMILY = "1,2";
				TEST_HOST = "$(BUILT_PRODUCTS_DIR)/PickADriver.app/PickADriver";
			};
			name = Debug;
		};
		98315E57237B275200D2D575 /* Release */ = {
			isa = XCBuildConfiguration;
			buildSettings = {
				ALWAYS_EMBED_SWIFT_STANDARD_LIBRARIES = YES;
				BUNDLE_LOADER = "$(TEST_HOST)";
				CODE_SIGN_STYLE = Automatic;
				INFOPLIST_FILE = PickADriverTests/Info.plist;
				LD_RUNPATH_SEARCH_PATHS = (
					"$(inherited)",
					"@executable_path/Frameworks",
					"@loader_path/Frameworks",
				);
				PRODUCT_BUNDLE_IDENTIFIER = Kelvin.PickADriverTests;
				PRODUCT_NAME = "$(TARGET_NAME)";
				SWIFT_VERSION = 5.0;
				TARGETED_DEVICE_FAMILY = "1,2";
				TEST_HOST = "$(BUILT_PRODUCTS_DIR)/PickADriver.app/PickADriver";
			};
			name = Release;
		};
		98315E59237B275200D2D575 /* Debug */ = {
			isa = XCBuildConfiguration;
			buildSettings = {
				ALWAYS_EMBED_SWIFT_STANDARD_LIBRARIES = YES;
				CODE_SIGN_STYLE = Automatic;
				INFOPLIST_FILE = PickADriverUITests/Info.plist;
				LD_RUNPATH_SEARCH_PATHS = (
					"$(inherited)",
					"@executable_path/Frameworks",
					"@loader_path/Frameworks",
				);
				PRODUCT_BUNDLE_IDENTIFIER = Kelvin.PickADriverUITests;
				PRODUCT_NAME = "$(TARGET_NAME)";
				SWIFT_VERSION = 5.0;
				TARGETED_DEVICE_FAMILY = "1,2";
				TEST_TARGET_NAME = PickADriver;
			};
			name = Debug;
		};
		98315E5A237B275200D2D575 /* Release */ = {
			isa = XCBuildConfiguration;
			buildSettings = {
				ALWAYS_EMBED_SWIFT_STANDARD_LIBRARIES = YES;
				CODE_SIGN_STYLE = Automatic;
				INFOPLIST_FILE = PickADriverUITests/Info.plist;
				LD_RUNPATH_SEARCH_PATHS = (
					"$(inherited)",
					"@executable_path/Frameworks",
					"@loader_path/Frameworks",
				);
				PRODUCT_BUNDLE_IDENTIFIER = Kelvin.PickADriverUITests;
				PRODUCT_NAME = "$(TARGET_NAME)";
				SWIFT_VERSION = 5.0;
				TARGETED_DEVICE_FAMILY = "1,2";
				TEST_TARGET_NAME = PickADriver;
			};
			name = Release;
		};
/* End XCBuildConfiguration section */

/* Begin XCConfigurationList section */
		98315E25237B274F00D2D575 /* Build configuration list for PBXProject "PickADriver" */ = {
			isa = XCConfigurationList;
			buildConfigurations = (
				98315E50237B275200D2D575 /* Debug */,
				98315E51237B275200D2D575 /* Release */,
			);
			defaultConfigurationIsVisible = 0;
			defaultConfigurationName = Release;
		};
		98315E52237B275200D2D575 /* Build configuration list for PBXNativeTarget "PickADriver" */ = {
			isa = XCConfigurationList;
			buildConfigurations = (
				98315E53237B275200D2D575 /* Debug */,
				98315E54237B275200D2D575 /* Release */,
			);
			defaultConfigurationIsVisible = 0;
			defaultConfigurationName = Release;
		};
		98315E55237B275200D2D575 /* Build configuration list for PBXNativeTarget "PickADriverTests" */ = {
			isa = XCConfigurationList;
			buildConfigurations = (
				98315E56237B275200D2D575 /* Debug */,
				98315E57237B275200D2D575 /* Release */,
			);
			defaultConfigurationIsVisible = 0;
			defaultConfigurationName = Release;
		};
		98315E58237B275200D2D575 /* Build configuration list for PBXNativeTarget "PickADriverUITests" */ = {
			isa = XCConfigurationList;
			buildConfigurations = (
				98315E59237B275200D2D575 /* Debug */,
				98315E5A237B275200D2D575 /* Release */,
			);
			defaultConfigurationIsVisible = 0;
			defaultConfigurationName = Release;
		};
/* End XCConfigurationList section */
	};
	rootObject = 98315E22237B274F00D2D575 /* Project object */;
}
